
Microsoft Visual Studio Solution File, Format Version 12.00
Project("{FAE04EC0-301F-11D3-BF4B-00C04F79EFBC}") = "CoproXpert.Api", "CoproXpert.Api\CoproXpert.Api.csproj", "{0DB37013-6B3F-4445-9286-4FFF19462D4D}"
EndProject
Project("{FAE04EC0-301F-11D3-BF4B-00C04F79EFBC}") = "CoProXpert.Test", "CoProXpert.Test\CoProXpert.Test.csproj", "{BA791955-504B-42F6-B32D-399A65C7B082}"
EndProject
Project("{FAE04EC0-301F-11D3-BF4B-00C04F79EFBC}") = "CoProXpert.Database", "CoProXpert.Database\CoProXpert.Database.csproj", "{694FBC02-924B-4931-8073-9973754BD766}"
EndProject
Global
	GlobalSection(SolutionConfigurationPlatforms) = preSolution
		Debug|Any CPU = Debug|Any CPU
		Release|Any CPU = Release|Any CPU
	EndGlobalSection
	GlobalSection(ProjectConfigurationPlatforms) = postSolution
		{0DB37013-6B3F-4445-9286-4FFF19462D4D}.Debug|Any CPU.ActiveCfg = Debug|Any CPU
		{0DB37013-6B3F-4445-9286-4FFF19462D4D}.Debug|Any CPU.Build.0 = Debug|Any CPU
		{0DB37013-6B3F-4445-9286-4FFF19462D4D}.Release|Any CPU.ActiveCfg = Release|Any CPU
		{0DB37013-6B3F-4445-9286-4FFF19462D4D}.Release|Any CPU.Build.0 = Release|Any CPU
		{BA791955-504B-42F6-B32D-399A65C7B082}.Debug|Any CPU.ActiveCfg = Debug|Any CPU
		{BA791955-504B-42F6-B32D-399A65C7B082}.Debug|Any CPU.Build.0 = Debug|Any CPU
		{BA791955-504B-42F6-B32D-399A65C7B082}.Release|Any CPU.ActiveCfg = Release|Any CPU
		{BA791955-504B-42F6-B32D-399A65C7B082}.Release|Any CPU.Build.0 = Release|Any CPU
		{694FBC02-924B-4931-8073-9973754BD766}.Debug|Any CPU.ActiveCfg = Debug|Any CPU
		{694FBC02-924B-4931-8073-9973754BD766}.Debug|Any CPU.Build.0 = Debug|Any CPU
		{694FBC02-924B-4931-8073-9973754BD766}.Release|Any CPU.ActiveCfg = Release|Any CPU
		{694FBC02-924B-4931-8073-9973754BD766}.Release|Any CPU.Build.0 = Release|Any CPU
	EndGlobalSection
EndGlobal
