
Microsoft Visual Studio Solution File, Format Version 12.00
Project("{FAE04EC0-301F-11D3-BF4B-00C04F79EFBC}") = "CoproXpert.Api", "CoproXpert.Api\CoproXpert.Api.csproj", "{0DB37013-6B3F-4445-9286-4FFF19462D4D}"
EndProject
Project("{FAE04EC0-301F-11D3-BF4B-00C04F79EFBC}") = "CoproXpert.Core", "CoproXpert.Core\CoproXpert.Core.csproj", "{51DB1AFD-F10A-4541-B489-C83AD71C0E46}"
EndProject
Project("{FAE04EC0-301F-11D3-BF4B-00C04F79EFBC}") = "CoProXpert.Database", "CoproXpert.Database\CoProXpert.Database.csproj", "{C70F2595-89A6-4B68-A1DB-EB5A40013E12}"
EndProject
Project("{FAE04EC0-301F-11D3-BF4B-00C04F79EFBC}") = "CoProXpert.Test", "CoproXpert.Test\CoProXpert.Test.csproj", "{36357A28-8185-46F1-B14D-7D19F21F9C00}"
EndProject
Global
	GlobalSection(SolutionConfigurationPlatforms) = preSolution
		Debug|Any CPU = Debug|Any CPU
		Release|Any CPU = Release|Any CPU
	EndGlobalSection
	GlobalSection(ProjectConfigurationPlatforms) = postSolution
		{0DB37013-6B3F-4445-9286-4FFF19462D4D}.Debug|Any CPU.ActiveCfg = Debug|Any CPU
		{0DB37013-6B3F-4445-9286-4FFF19462D4D}.Debug|Any CPU.Build.0 = Debug|Any CPU
		{0DB37013-6B3F-4445-9286-4FFF19462D4D}.Release|Any CPU.ActiveCfg = Release|Any CPU
		{0DB37013-6B3F-4445-9286-4FFF19462D4D}.Release|Any CPU.Build.0 = Release|Any CPU
		{51DB1AFD-F10A-4541-B489-C83AD71C0E46}.Debug|Any CPU.ActiveCfg = Debug|Any CPU
		{51DB1AFD-F10A-4541-B489-C83AD71C0E46}.Debug|Any CPU.Build.0 = Debug|Any CPU
		{51DB1AFD-F10A-4541-B489-C83AD71C0E46}.Release|Any CPU.ActiveCfg = Release|Any CPU
		{51DB1AFD-F10A-4541-B489-C83AD71C0E46}.Release|Any CPU.Build.0 = Release|Any CPU
		{C70F2595-89A6-4B68-A1DB-EB5A40013E12}.Debug|Any CPU.ActiveCfg = Debug|Any CPU
		{C70F2595-89A6-4B68-A1DB-EB5A40013E12}.Debug|Any CPU.Build.0 = Debug|Any CPU
		{C70F2595-89A6-4B68-A1DB-EB5A40013E12}.Release|Any CPU.ActiveCfg = Release|Any CPU
		{C70F2595-89A6-4B68-A1DB-EB5A40013E12}.Release|Any CPU.Build.0 = Release|Any CPU
		{36357A28-8185-46F1-B14D-7D19F21F9C00}.Debug|Any CPU.ActiveCfg = Debug|Any CPU
		{36357A28-8185-46F1-B14D-7D19F21F9C00}.Debug|Any CPU.Build.0 = Debug|Any CPU
		{36357A28-8185-46F1-B14D-7D19F21F9C00}.Release|Any CPU.ActiveCfg = Release|Any CPU
		{36357A28-8185-46F1-B14D-7D19F21F9C00}.Release|Any CPU.Build.0 = Release|Any CPU
	EndGlobalSection
EndGlobal
